
Microsoft Visual Studio Solution File, Format Version 12.00
# Visual Studio Version 16
VisualStudioVersion = 16.0.31613.86
MinimumVisualStudioVersion = 10.0.40219.1
Project("{FAE04EC0-301F-11D3-BF4B-00C04F79EFBC}") = "Exercício Salário - POO", "Exercício Salário - POO.csproj", "{196DC8C5-162B-4659-9320-A035D9D5E602}"
EndProject
Global
	GlobalSection(SolutionConfigurationPlatforms) = preSolution
		Debug|Any CPU = Debug|Any CPU
		Release|Any CPU = Release|Any CPU
	EndGlobalSection
	GlobalSection(ProjectConfigurationPlatforms) = postSolution
		{196DC8C5-162B-4659-9320-A035D9D5E602}.Debug|Any CPU.ActiveCfg = Debug|Any CPU
		{196DC8C5-162B-4659-9320-A035D9D5E602}.Debug|Any CPU.Build.0 = Debug|Any CPU
		{196DC8C5-162B-4659-9320-A035D9D5E602}.Release|Any CPU.ActiveCfg = Release|Any CPU
		{196DC8C5-162B-4659-9320-A035D9D5E602}.Release|Any CPU.Build.0 = Release|Any CPU
	EndGlobalSection
	GlobalSection(SolutionProperties) = preSolution
		HideSolutionNode = FALSE
	EndGlobalSection
	GlobalSection(ExtensibilityGlobals) = postSolution
		SolutionGuid = {A616847F-45FB-4199-AD77-E8DF97B631D9}
	EndGlobalSection
EndGlobal
